<?xml version="1.0" encoding="utf-8"?>
<Project ToolsVersion="4.0" xmlns="http://schemas.microsoft.com/developer/msbuild/2003">
  <ItemGroup>
    <Filter Include="Source Files">
      <UniqueIdentifier>{4FC737F1-C7A5-4376-A066-2A32D752A2FF}</UniqueIdentifier>
      <Extensions>cpp;c;cc;cxx;c++;cppm;ixx;def;odl;idl;hpj;bat;asm;asmx</Extensions>
    </Filter>
    <Filter Include="Header Files">
      <UniqueIdentifier>{93995380-89BD-4b04-88EB-625FBE52EBFB}</UniqueIdentifier>
      <Extensions>h;hh;hpp;hxx;h++;hm;inl;inc;ipp;xsd</Extensions>
    </Filter>
    <Filter Include="Resource Files">
      <UniqueIdentifier>{67DA6AB6-F800-4c08-8B7A-83BB121AAD01}</UniqueIdentifier>
      <Extensions>rc;ico;cur;bmp;dlg;rc2;rct;bin;rgs;gif;jpg;jpeg;jpe;resx;tiff;tif;png;wav;mfcribbon-ms</Extensions>
    </Filter>
    <Filter Include="Header Files\Components">
      <UniqueIdentifier>{2d50c64d-557b-4564-bed2-69b95c07f03e}</UniqueIdentifier>
    </Filter>
    <Filter Include="Header Files\Systems">
      <UniqueIdentifier>{b577925a-8d5e-44ed-9e73-d43f5f6eaeef}</UniqueIdentifier>
    </Filter>
    <Filter Include="Shaders">
      <UniqueIdentifier>{d849cd67-956c-499f-91ed-259167acf4d8}</UniqueIdentifier>
    </Filter>
    <Filter Include="Header Files\ShaderData">
      <UniqueIdentifier>{bf646de9-f4df-4a95-877a-194a32dd12e9}</UniqueIdentifier>
    </Filter>
    <Filter Include="Header Files\Components\Render">
      <UniqueIdentifier>{7840f522-a809-4a8c-b643-be6649f88530}</UniqueIdentifier>
    </Filter>
    <Filter Include="Header Files\Components\Gameplay">
      <UniqueIdentifier>{ea7163b8-810f-4b95-8ce4-2d4218fa6229}</UniqueIdentifier>
    </Filter>
    <Filter Include="Header Files\Systems\Render">
      <UniqueIdentifier>{d3636675-748e-4555-96f1-d45068702696}</UniqueIdentifier>
    </Filter>
    <Filter Include="Header Files\Systems\Gameplay">
      <UniqueIdentifier>{b6ec8a7f-5112-4319-8827-581bc97514ef}</UniqueIdentifier>
    </Filter>
    <Filter Include="Header Files\Systems\Render\Update">
      <UniqueIdentifier>{84430da0-9bd1-481c-a3e3-cd7ef34b5a34}</UniqueIdentifier>
    </Filter>
    <Filter Include="Shaders\Defered">
      <UniqueIdentifier>{f345da9b-e508-437d-aa13-6da6f3f4ff1e}</UniqueIdentifier>
    </Filter>
    <Filter Include="Header Files\Systems\Render\Light">
      <UniqueIdentifier>{06af57ad-d4a4-4b14-8929-e40c6d8eb486}</UniqueIdentifier>
    </Filter>
    <Filter Include="Header Files\Components\Render\Light">
      <UniqueIdentifier>{10f4b2f5-e7a9-4233-9e20-d01687762908}</UniqueIdentifier>
    </Filter>
  </ItemGroup>
  <ItemGroup>
    <None Include="packages.config" />
    <None Include="Shaders\PointLight.hlsl">
      <Filter>Shaders</Filter>
    </None>
    <None Include="Shaders\ShadowMapShader.hlsl">
      <Filter>Shaders</Filter>
    </None>
    <None Include="Shaders\PointLight.hlsl">
      <Filter>Shaders</Filter>
    </None>
    <None Include="Shaders\ShadowMapShader.hlsl">
      <Filter>Shaders</Filter>
    </None>
    <None Include="Shaders\PointLight.hlsl">
      <Filter>Shaders</Filter>
    </None>
    <None Include="Shaders\ShadowMapShader.hlsl">
      <Filter>Shaders</Filter>
    </None>
    <None Include="Shaders\PointLight.hlsl">
      <Filter>Shaders</Filter>
    </None>
    <None Include="Shaders\ShadowMapShader.hlsl">
      <Filter>Shaders</Filter>
    </None>
    <None Include="Shaders\PointLight.hlsl">
      <Filter>Shaders</Filter>
    </None>
    <None Include="Shaders\ShadowMapShader.hlsl">
      <Filter>Shaders</Filter>
    </None>
    <None Include="Shaders\ForwardShader.hlsl">
      <Filter>Shaders</Filter>
    </None>
    <None Include="Shaders\PointLight.hlsl">
      <Filter>Shaders</Filter>
    </None>
    <None Include="Shaders\ShadowMapShader.hlsl">
      <Filter>Shaders</Filter>
    </None>
    <None Include="Shaders\ShadowMapShader.hlsl" />
    <None Include="Shaders\PointLight.hlsl" />
    <None Include="Shaders\ShadowMapShader.hlsl" />
    <None Include="Shaders\ForwardShader.hlsl">
      <Filter>Shaders</Filter>
    </None>
    <None Include="Shaders\PointLight.hlsl">
      <Filter>Shaders</Filter>
    </None>
    <None Include="Shaders\ShadowMapShader.hlsl">
      <Filter>Shaders</Filter>
    </None>
    <None Include="Shaders\ForwardShader.hlsl">
      <Filter>Shaders</Filter>
    </None>
    <None Include="Shaders\PointLight.hlsl">
      <Filter>Shaders</Filter>
    </None>
    <None Include="Shaders\ShadowMapShader.hlsl">
      <Filter>Shaders</Filter>
    </None>
    <None Include="Shaders\PointLight.hlsl" />
    <None Include="Shaders\ShadowMapShader.hlsl" />
    <None Include="Shaders\PointLight.hlsl" />
    <None Include="Shaders\ShadowMapShader.hlsl" />
    <None Include="Shaders\ForwardShader.hlsl">
      <Filter>Shaders</Filter>
    </None>
    <None Include="Shaders\PointLight.hlsl">
      <Filter>Shaders</Filter>
    </None>
    <None Include="Shaders\ShadowMapShader.hlsl">
      <Filter>Shaders</Filter>
    </None>
    <None Include="Shaders\ForwardShader.hlsl">
      <Filter>Shaders</Filter>
    </None>
    <None Include="Shaders\PointLight.hlsl">
      <Filter>Shaders</Filter>
    </None>
    <None Include="Shaders\ShadowMapShader.hlsl">
      <Filter>Shaders</Filter>
    </None>
    <None Include="Shaders\PointLight.hlsl" />
    <None Include="Shaders\ShadowMapShader.hlsl" />
    <None Include="Shaders\PointLight.hlsl" />
    <None Include="Shaders\ShadowMapShader.hlsl" />
    <None Include="Shaders\PointLight.hlsl" />
    <None Include="Shaders\ShadowMapShader.hlsl" />
    <None Include="Shaders\ForwardShader.hlsl">
      <Filter>Shaders</Filter>
    </None>
    <None Include="Shaders\PointLight.hlsl">
      <Filter>Shaders</Filter>
    </None>
    <None Include="Shaders\ShadowMapShader.hlsl">
      <Filter>Shaders</Filter>
    </None>
    <None Include="Shaders\PointLight.hlsl">
      <Filter>Shaders</Filter>
    </None>
    <None Include="Shaders\ShadowMapDebugShader.hlsl">
      <Filter>Shaders</Filter>
    </None>
    <None Include="Shaders\ShadowMapShader.hlsl">
      <Filter>Shaders</Filter>
    </None>
    <None Include="Shaders\ForwardShader.hlsl">
      <Filter>Shaders</Filter>
    </None>
    <None Include="Shaders\PointLight.hlsl">
      <Filter>Shaders</Filter>
    </None>
    <None Include="Shaders\ShadowMapDebugShader.hlsl">
      <Filter>Shaders</Filter>
    </None>
    <None Include="Shaders\ShadowMapShader.hlsl">
      <Filter>Shaders</Filter>
    </None>
    <None Include="Shaders\ForwardShader.hlsl">
      <Filter>Shaders</Filter>
    </None>
    <None Include="Shaders\PointLight.hlsl">
      <Filter>Shaders</Filter>
    </None>
    <None Include="Shaders\ShadowMapShader.hlsl">
      <Filter>Shaders</Filter>
    </None>
  </ItemGroup>
  <ItemGroup>
    <ClInclude Include="Material.h">
      <Filter>Header Files</Filter>
    </ClInclude>
    <ClInclude Include="MaterialData.h">
      <Filter>Header Files\ShaderData</Filter>
    </ClInclude>
    <ClInclude Include="ModelTransformData.h">
      <Filter>Header Files\ShaderData</Filter>
    </ClInclude>
    <ClInclude Include="GBuffer.h">
      <Filter>Header Files</Filter>
    </ClInclude>
    <ClInclude Include="ForwardRenderComponent.h">
      <Filter>Header Files\Components\Render</Filter>
    </ClInclude>
    <ClInclude Include="DnsMapsComponent.h">
      <Filter>Header Files\Components\Render</Filter>
    </ClInclude>
    <ClInclude Include="MaterialComponent.h">
      <Filter>Header Files\Components\Render</Filter>
    </ClInclude>
    <ClInclude Include="ShadowComponent.h">
      <Filter>Header Files\Components\Render</Filter>
    </ClInclude>
    <ClInclude Include="CollisionComponent.h">
      <Filter>Header Files\Components\Gameplay</Filter>
    </ClInclude>
    <ClInclude Include="ItemComponent.h">
      <Filter>Header Files\Components\Gameplay</Filter>
    </ClInclude>
    <ClInclude Include="KatamariComponent.h">
      <Filter>Header Files\Components\Gameplay</Filter>
    </ClInclude>
    <ClInclude Include="KatamariControllerComponent.h">
      <Filter>Header Files\Components\Gameplay</Filter>
    </ClInclude>
    <ClInclude Include="ForwardRenderSystem.h">
      <Filter>Header Files\Systems\Render</Filter>
    </ClInclude>
    <ClInclude Include="DefferedRenderSystem.h">
      <Filter>Header Files\Systems\Render</Filter>
    </ClInclude>
    <ClInclude Include="ShadowMapDebugSystem.h">
      <Filter>Header Files\Systems\Render</Filter>
    </ClInclude>
    <ClInclude Include="ShadowMapRenderSystem.h">
      <Filter>Header Files\Systems\Render</Filter>
    </ClInclude>
    <ClInclude Include="KatamariCameraSystem.h">
      <Filter>Header Files\Systems\Gameplay</Filter>
    </ClInclude>
    <ClInclude Include="KatamariControllerSystem.h">
      <Filter>Header Files\Systems\Gameplay</Filter>
    </ClInclude>
    <ClInclude Include="StickingSystem.h">
      <Filter>Header Files\Systems\Gameplay</Filter>
    </ClInclude>
    <ClInclude Include="ModelComponent.h">
      <Filter>Header Files\Components\Render</Filter>
    </ClInclude>
    <ClInclude Include="UpdateModelRenderDataSystem.h">
      <Filter>Header Files\Systems\Render\Update</Filter>
    </ClInclude>
    <ClInclude Include="DirectionLightData.h">
      <Filter>Header Files\ShaderData</Filter>
    </ClInclude>
    <ClInclude Include="UpdateLightSystem.h">
      <Filter>Header Files\Systems\Render\Light</Filter>
    </ClInclude>
    <ClInclude Include="AmbientLightData.h">
      <Filter>Header Files\ShaderData</Filter>
    </ClInclude>
    <ClInclude Include="DirectionLightComponent.h">
      <Filter>Header Files\Components\Render\Light</Filter>
    </ClInclude>
    <ClInclude Include="AmbientLightComponent.h">
      <Filter>Header Files\Components\Render\Light</Filter>
    </ClInclude>
    <ClInclude Include="PointLightComponent.h">
      <Filter>Header Files\Components\Render\Light</Filter>
    </ClInclude>
    <ClInclude Include="PointLightData.h">
      <Filter>Header Files\ShaderData</Filter>
    </ClInclude>
  </ItemGroup>
  <ItemGroup>
    <ClCompile Include="Main.cpp">
      <Filter>Source Files</Filter>
    </ClCompile>
  </ItemGroup>
  <ItemGroup>
    <CopyFileToFolders Include="Shaders\ShadowMapDebugShader.hlsl">
      <Filter>Shaders</Filter>
    </CopyFileToFolders>
    <CopyFileToFolders Include="Shaders\GeometryPassShader.hlsl">
      <Filter>Shaders\Defered</Filter>
    </CopyFileToFolders>
    <CopyFileToFolders Include="Shaders\DirectionLightPassShader.hlsl">
      <Filter>Shaders\Defered</Filter>
    </CopyFileToFolders>
    <CopyFileToFolders Include="Shaders\TonePassShader.hlsl">
      <Filter>Shaders\Defered</Filter>
    </CopyFileToFolders>
    <CopyFileToFolders Include="Shaders\AmbientLightPassShader.hlsl">
      <Filter>Shaders\Defered</Filter>
    </CopyFileToFolders>
    <CopyFileToFolders Include="Shaders\PointLightPassShader.hlsl">
      <Filter>Shaders\Defered</Filter>
    </CopyFileToFolders>
  </ItemGroup>
</Project>