<?xml version="1.0" encoding="utf-8"?>
<Project ToolsVersion="4.0" xmlns="http://schemas.microsoft.com/developer/msbuild/2003">
  <ItemGroup>
    <ClCompile Include="pch.cpp" />
    <ClCompile Include="BitIdentifierTests.cpp">
      <Filter>ECS</Filter>
    </ClCompile>
    <ClCompile Include="SignerTests.cpp">
      <Filter>ECS</Filter>
    </ClCompile>
    <ClCompile Include="TypeTests.cpp">
      <Filter>Ash</Filter>
    </ClCompile>
    <ClCompile Include="SignatureTests.cpp">
      <Filter>Ash</Filter>
    </ClCompile>
    <ClCompile Include="FamilyTests.cpp">
      <Filter>Ash</Filter>
    </ClCompile>
    <ClCompile Include="EntityTests.cpp">
      <Filter>Ash</Filter>
    </ClCompile>
    <ClCompile Include="FilterTests.cpp">
      <Filter>Ash</Filter>
    </ClCompile>
    <ClCompile Include="Utils.cpp">
      <Filter>Ash\Utils</Filter>
    </ClCompile>
    <ClCompile Include="DelegateTests.cpp">
      <Filter>Utils</Filter>
    </ClCompile>
  </ItemGroup>
  <ItemGroup>
    <ClInclude Include="pch.h" />
    <ClInclude Include="Utils.h">
      <Filter>Ash\Utils</Filter>
    </ClInclude>
  </ItemGroup>
  <ItemGroup>
    <Filter Include="ECS">
      <UniqueIdentifier>{052d31af-d40e-4d39-8d43-bc844b246431}</UniqueIdentifier>
    </Filter>
    <Filter Include="Ash">
      <UniqueIdentifier>{be8a7630-f925-4145-b3c4-670fe6894539}</UniqueIdentifier>
    </Filter>
    <Filter Include="Ash\Utils">
      <UniqueIdentifier>{868370e4-6bd6-4d6c-870f-28888b6c75f3}</UniqueIdentifier>
    </Filter>
    <Filter Include="Utils">
      <UniqueIdentifier>{0a687edd-0069-4b52-b400-36037b08422a}</UniqueIdentifier>
    </Filter>
  </ItemGroup>
  <ItemGroup>
    <None Include="packages.config" />
  </ItemGroup>
</Project>